
Microsoft Visual Studio Solution File, Format Version 12.00
# Visual Studio Version 17
VisualStudioVersion = 17.10.35027.167
MinimumVisualStudioVersion = 10.0.40219.1
Project("{FAE04EC0-301F-11D3-BF4B-00C04F79EFBC}") = "MyPartFolioAPI", "MyPartFolioAPI.csproj", "{B16854BA-6000-448F-8031-4268037B8285}"
EndProject
Global
	GlobalSection(SolutionConfigurationPlatforms) = preSolution
		Debug|Any CPU = Debug|Any CPU
		Release|Any CPU = Release|Any CPU
	EndGlobalSection
	GlobalSection(ProjectConfigurationPlatforms) = postSolution
		{B16854BA-6000-448F-8031-4268037B8285}.Debug|Any CPU.ActiveCfg = Debug|Any CPU
		{B16854BA-6000-448F-8031-4268037B8285}.Debug|Any CPU.Build.0 = Debug|Any CPU
		{B16854BA-6000-448F-8031-4268037B8285}.Release|Any CPU.ActiveCfg = Release|Any CPU
		{B16854BA-6000-448F-8031-4268037B8285}.Release|Any CPU.Build.0 = Release|Any CPU
	EndGlobalSection
	GlobalSection(SolutionProperties) = preSolution
		HideSolutionNode = FALSE
	EndGlobalSection
	GlobalSection(ExtensibilityGlobals) = postSolution
		SolutionGuid = {F58D16A7-9609-446C-BC20-59A7CDCC4F4F}
	EndGlobalSection
EndGlobal
